// !$*UTF8*$!
{
	archiveVersion = 1;
	classes = {
	};
	objectVersion = 50;
	objects = {

/* Begin PBXBuildFile section */
		45B319CE21E87857006A3540 /* AppDelegate.swift in Sources */ = {isa = PBXBuildFile; fileRef = 45B319CD21E87857006A3540 /* AppDelegate.swift */; };
		45B319D221E87857006A3540 /* Actions.sks in Resources */ = {isa = PBXBuildFile; fileRef = 45B319D121E87857006A3540 /* Actions.sks */; };
		45B319D421E87857006A3540 /* GameScene.swift in Sources */ = {isa = PBXBuildFile; fileRef = 45B319D321E87857006A3540 /* GameScene.swift */; };
		45B319D621E87857006A3540 /* GameViewController.swift in Sources */ = {isa = PBXBuildFile; fileRef = 45B319D521E87857006A3540 /* GameViewController.swift */; };
		45B319D921E87857006A3540 /* Main.storyboard in Resources */ = {isa = PBXBuildFile; fileRef = 45B319D721E87857006A3540 /* Main.storyboard */; };
		45B319DB21E87859006A3540 /* Assets.xcassets in Resources */ = {isa = PBXBuildFile; fileRef = 45B319DA21E87859006A3540 /* Assets.xcassets */; };
		45B319DE21E87859006A3540 /* LaunchScreen.storyboard in Resources */ = {isa = PBXBuildFile; fileRef = 45B319DC21E87859006A3540 /* LaunchScreen.storyboard */; };
		45B319E621E87974006A3540 /* Sounds in Resources */ = {isa = PBXBuildFile; fileRef = 45B319E521E87974006A3540 /* Sounds */; };
		45B319E821E87AF5006A3540 /* Array2D.swift in Sources */ = {isa = PBXBuildFile; fileRef = 45B319E721E87AF5006A3540 /* Array2D.swift */; };
		45B319EA21E87B46006A3540 /* Block.swift in Sources */ = {isa = PBXBuildFile; fileRef = 45B319E921E87B46006A3540 /* Block.swift */; };
		45B319EC21E87B61006A3540 /* Shape.swift in Sources */ = {isa = PBXBuildFile; fileRef = 45B319EB21E87B61006A3540 /* Shape.swift */; };
		45B319EE21E87B94006A3540 /* ZShape.swift in Sources */ = {isa = PBXBuildFile; fileRef = 45B319ED21E87B94006A3540 /* ZShape.swift */; };
		45B319F021E87B9E006A3540 /* TShape.swift in Sources */ = {isa = PBXBuildFile; fileRef = 45B319EF21E87B9E006A3540 /* TShape.swift */; };
		45B319F221E87BA7006A3540 /* SShape.swift in Sources */ = {isa = PBXBuildFile; fileRef = 45B319F121E87BA7006A3540 /* SShape.swift */; };
		45B319F421E87BB8006A3540 /* SquareShape.swift in Sources */ = {isa = PBXBuildFile; fileRef = 45B319F321E87BB8006A3540 /* SquareShape.swift */; };
		45B319F621E87BC8006A3540 /* LShape.swift in Sources */ = {isa = PBXBuildFile; fileRef = 45B319F521E87BC8006A3540 /* LShape.swift */; };
		45B319F821E87BD1006A3540 /* LineShape.swift in Sources */ = {isa = PBXBuildFile; fileRef = 45B319F721E87BD1006A3540 /* LineShape.swift */; };
		45B319FA21E87BD8006A3540 /* JShape.swift in Sources */ = {isa = PBXBuildFile; fileRef = 45B319F921E87BD8006A3540 /* JShape.swift */; };
		45B319FC21E87BF3006A3540 /* Swiftris.swift in Sources */ = {isa = PBXBuildFile; fileRef = 45B319FB21E87BF3006A3540 /* Swiftris.swift */; };
		45B319FE21E88CCA006A3540 /* Sprites.atlas in Resources */ = {isa = PBXBuildFile; fileRef = 45B319FD21E88CCA006A3540 /* Sprites.atlas */; };
/* End PBXBuildFile section */

/* Begin PBXFileReference section */
		45B319CA21E87857006A3540 /* tetris.app */ = {isa = PBXFileReference; explicitFileType = wrapper.application; includeInIndex = 0; path = tetris.app; sourceTree = BUILT_PRODUCTS_DIR; };
		45B319CD21E87857006A3540 /* AppDelegate.swift */ = {isa = PBXFileReference; lastKnownFileType = sourcecode.swift; path = AppDelegate.swift; sourceTree = "<group>"; };
		45B319D121E87857006A3540 /* Actions.sks */ = {isa = PBXFileReference; lastKnownFileType = file.sks; path = Actions.sks; sourceTree = "<group>"; };
		45B319D321E87857006A3540 /* GameScene.swift */ = {isa = PBXFileReference; lastKnownFileType = sourcecode.swift; path = GameScene.swift; sourceTree = "<group>"; };
		45B319D521E87857006A3540 /* GameViewController.swift */ = {isa = PBXFileReference; lastKnownFileType = sourcecode.swift; path = GameViewController.swift; sourceTree = "<group>"; };
		45B319D821E87857006A3540 /* Base */ = {isa = PBXFileReference; lastKnownFileType = file.storyboard; name = Base; path = Base.lproj/Main.storyboard; sourceTree = "<group>"; };
		45B319DA21E87859006A3540 /* Assets.xcassets */ = {isa = PBXFileReference; lastKnownFileType = folder.assetcatalog; path = Assets.xcassets; sourceTree = "<group>"; };
		45B319DD21E87859006A3540 /* Base */ = {isa = PBXFileReference; lastKnownFileType = file.storyboard; name = Base; path = Base.lproj/LaunchScreen.storyboard; sourceTree = "<group>"; };
		45B319DF21E87859006A3540 /* Info.plist */ = {isa = PBXFileReference; lastKnownFileType = text.plist.xml; path = Info.plist; sourceTree = "<group>"; };
		45B319E521E87974006A3540 /* Sounds */ = {isa = PBXFileReference; lastKnownFileType = folder; path = Sounds; sourceTree = "<group>"; };
		45B319E721E87AF5006A3540 /* Array2D.swift */ = {isa = PBXFileReference; lastKnownFileType = sourcecode.swift; path = Array2D.swift; sourceTree = "<group>"; };
		45B319E921E87B46006A3540 /* Block.swift */ = {isa = PBXFileReference; lastKnownFileType = sourcecode.swift; path = Block.swift; sourceTree = "<group>"; };
		45B319EB21E87B61006A3540 /* Shape.swift */ = {isa = PBXFileReference; lastKnownFileType = sourcecode.swift; path = Shape.swift; sourceTree = "<group>"; };
		45B319ED21E87B94006A3540 /* ZShape.swift */ = {isa = PBXFileReference; lastKnownFileType = sourcecode.swift; path = ZShape.swift; sourceTree = "<group>"; };
		45B319EF21E87B9E006A3540 /* TShape.swift */ = {isa = PBXFileReference; lastKnownFileType = sourcecode.swift; path = TShape.swift; sourceTree = "<group>"; };
		45B319F121E87BA7006A3540 /* SShape.swift */ = {isa = PBXFileReference; lastKnownFileType = sourcecode.swift; path = SShape.swift; sourceTree = "<group>"; };
		45B319F321E87BB8006A3540 /* SquareShape.swift */ = {isa = PBXFileReference; lastKnownFileType = sourcecode.swift; path = SquareShape.swift; sourceTree = "<group>"; };
		45B319F521E87BC8006A3540 /* LShape.swift */ = {isa = PBXFileReference; lastKnownFileType = sourcecode.swift; path = LShape.swift; sourceTree = "<group>"; };
		45B319F721E87BD1006A3540 /* LineShape.swift */ = {isa = PBXFileReference; lastKnownFileType = sourcecode.swift; path = LineShape.swift; sourceTree = "<group>"; };
		45B319F921E87BD8006A3540 /* JShape.swift */ = {isa = PBXFileReference; lastKnownFileType = sourcecode.swift; path = JShape.swift; sourceTree = "<group>"; };
		45B319FB21E87BF3006A3540 /* Swiftris.swift */ = {isa = PBXFileReference; lastKnownFileType = sourcecode.swift; path = Swiftris.swift; sourceTree = "<group>"; };
		45B319FD21E88CCA006A3540 /* Sprites.atlas */ = {isa = PBXFileReference; lastKnownFileType = folder.skatlas; path = Sprites.atlas; sourceTree = "<group>"; };
/* End PBXFileReference section */

/* Begin PBXFrameworksBuildPhase section */
		45B319C721E87857006A3540 /* Frameworks */ = {
			isa = PBXFrameworksBuildPhase;
			buildActionMask = 2147483647;
			files = (
			);
			runOnlyForDeploymentPostprocessing = 0;
		};
/* End PBXFrameworksBuildPhase section */

/* Begin PBXGroup section */
		45B319C121E87857006A3540 = {
			isa = PBXGroup;
			children = (
				45B319CC21E87857006A3540 /* tetris */,
				45B319CB21E87857006A3540 /* Products */,
			);
			sourceTree = "<group>";
		};
		45B319CB21E87857006A3540 /* Products */ = {
			isa = PBXGroup;
			children = (
				45B319CA21E87857006A3540 /* tetris.app */,
			);
			name = Products;
			sourceTree = "<group>";
		};
		45B319CC21E87857006A3540 /* tetris */ = {
			isa = PBXGroup;
			children = (
				45B319FD21E88CCA006A3540 /* Sprites.atlas */,
				45B319E521E87974006A3540 /* Sounds */,
				45B319CD21E87857006A3540 /* AppDelegate.swift */,
				45B319D121E87857006A3540 /* Actions.sks */,
				45B319D321E87857006A3540 /* GameScene.swift */,
				45B319D521E87857006A3540 /* GameViewController.swift */,
				45B319D721E87857006A3540 /* Main.storyboard */,
				45B319DA21E87859006A3540 /* Assets.xcassets */,
				45B319DC21E87859006A3540 /* LaunchScreen.storyboard */,
				45B319DF21E87859006A3540 /* Info.plist */,
				45B319E721E87AF5006A3540 /* Array2D.swift */,
				45B319E921E87B46006A3540 /* Block.swift */,
				45B319EB21E87B61006A3540 /* Shape.swift */,
				45B319F321E87BB8006A3540 /* SquareShape.swift */,
				45B319EF21E87B9E006A3540 /* TShape.swift */,
				45B319F721E87BD1006A3540 /* LineShape.swift */,
				45B319F121E87BA7006A3540 /* SShape.swift */,
				45B319ED21E87B94006A3540 /* ZShape.swift */,
				45B319F521E87BC8006A3540 /* LShape.swift */,
				45B319F921E87BD8006A3540 /* JShape.swift */,
				45B319FB21E87BF3006A3540 /* Swiftris.swift */,
			);
			path = tetris;
			sourceTree = "<group>";
		};
/* End PBXGroup section */

/* Begin PBXNativeTarget section */
		45B319C921E87857006A3540 /* tetris */ = {
			isa = PBXNativeTarget;
			buildConfigurationList = 45B319E221E87859006A3540 /* Build configuration list for PBXNativeTarget "tetris" */;
			buildPhases = (
				45B319C621E87857006A3540 /* Sources */,
				45B319C721E87857006A3540 /* Frameworks */,
				45B319C821E87857006A3540 /* Resources */,
			);
			buildRules = (
			);
			dependencies = (
			);
			name = tetris;
			productName = tetris;
			productReference = 45B319CA21E87857006A3540 /* tetris.app */;
			productType = "com.apple.product-type.application";
		};
/* End PBXNativeTarget section */

/* Begin PBXProject section */
		45B319C221E87857006A3540 /* Project object */ = {
			isa = PBXProject;
			attributes = {
				LastSwiftUpdateCheck = 1010;
				LastUpgradeCheck = 1010;
				ORGANIZATIONNAME = CWY;
				TargetAttributes = {
					45B319C921E87857006A3540 = {
						CreatedOnToolsVersion = 10.1;
					};
				};
			};
			buildConfigurationList = 45B319C521E87857006A3540 /* Build configuration list for PBXProject "tetris" */;
			compatibilityVersion = "Xcode 9.3";
			developmentRegion = en;
			hasScannedForEncodings = 0;
			knownRegions = (
				en,
				Base,
			);
			mainGroup = 45B319C121E87857006A3540;
			productRefGroup = 45B319CB21E87857006A3540 /* Products */;
			projectDirPath = "";
			projectRoot = "";
			targets = (
				45B319C921E87857006A3540 /* tetris */,
			);
		};
/* End PBXProject section */

/* Begin PBXResourcesBuildPhase section */
		45B319C821E87857006A3540 /* Resources */ = {
			isa = PBXResourcesBuildPhase;
			buildActionMask = 2147483647;
			files = (
				45B319FE21E88CCA006A3540 /* Sprites.atlas in Resources */,
				45B319E621E87974006A3540 /* Sounds in Resources */,
				45B319D921E87857006A3540 /* Main.storyboard in Resources */,
				45B319DB21E87859006A3540 /* Assets.xcassets in Resources */,
				45B319DE21E87859006A3540 /* LaunchScreen.storyboard in Resources */,
				45B319D221E87857006A3540 /* Actions.sks in Resources */,
			);
			runOnlyForDeploymentPostprocessing = 0;
		};
/* End PBXResourcesBuildPhase section */

/* Begin PBXSourcesBuildPhase section */
		45B319C621E87857006A3540 /* Sources */ = {
			isa = PBXSourcesBuildPhase;
			buildActionMask = 2147483647;
			files = (
				45B319D421E87857006A3540 /* GameScene.swift in Sources */,
				45B319F221E87BA7006A3540 /* SShape.swift in Sources */,
				45B319EC21E87B61006A3540 /* Shape.swift in Sources */,
				45B319E821E87AF5006A3540 /* Array2D.swift in Sources */,
				45B319FC21E87BF3006A3540 /* Swiftris.swift in Sources */,
				45B319EE21E87B94006A3540 /* ZShape.swift in Sources */,
				45B319F021E87B9E006A3540 /* TShape.swift in Sources */,
				45B319F621E87BC8006A3540 /* LShape.swift in Sources */,
				45B319F821E87BD1006A3540 /* LineShape.swift in Sources */,
				45B319EA21E87B46006A3540 /* Block.swift in Sources */,
				45B319D621E87857006A3540 /* GameViewController.swift in Sources */,
				45B319F421E87BB8006A3540 /* SquareShape.swift in Sources */,
				45B319FA21E87BD8006A3540 /* JShape.swift in Sources */,
				45B319CE21E87857006A3540 /* AppDelegate.swift in Sources */,
			);
			runOnlyForDeploymentPostprocessing = 0;
		};
/* End PBXSourcesBuildPhase section */

/* Begin PBXVariantGroup section */
		45B319D721E87857006A3540 /* Main.storyboard */ = {
			isa = PBXVariantGroup;
			children = (
				45B319D821E87857006A3540 /* Base */,
			);
			name = Main.storyboard;
			sourceTree = "<group>";
		};
		45B319DC21E87859006A3540 /* LaunchScreen.storyboard */ = {
			isa = PBXVariantGroup;
			children = (
				45B319DD21E87859006A3540 /* Base */,
			);
			name = LaunchScreen.storyboard;
			sourceTree = "<group>";
		};
/* End PBXVariantGroup section */

/* Begin XCBuildConfiguration section */
		45B319E021E87859006A3540 /* Debug */ = {
			isa = XCBuildConfiguration;
			buildSettings = {
				ALWAYS_SEARCH_USER_PATHS = NO;
				CLANG_ANALYZER_NONNULL = YES;
				CLANG_ANALYZER_NUMBER_OBJECT_CONVERSION = YES_AGGRESSIVE;
				CLANG_CXX_LANGUAGE_STANDARD = "gnu++14";
				CLANG_CXX_LIBRARY = "libc++";
				CLANG_ENABLE_MODULES = YES;
				CLANG_ENABLE_OBJC_ARC = YES;
				CLANG_ENABLE_OBJC_WEAK = YES;
				CLANG_WARN_BLOCK_CAPTURE_AUTORELEASING = YES;
				CLANG_WARN_BOOL_CONVERSION = YES;
				CLANG_WARN_COMMA = YES;
				CLANG_WARN_CONSTANT_CONVERSION = YES;
				CLANG_WARN_DEPRECATED_OBJC_IMPLEMENTATIONS = YES;
				CLANG_WARN_DIRECT_OBJC_ISA_USAGE = YES_ERROR;
				CLANG_WARN_DOCUMENTATION_COMMENTS = YES;
				CLANG_WARN_EMPTY_BODY = YES;
				CLANG_WARN_ENUM_CONVERSION = YES;
				CLANG_WARN_INFINITE_RECURSION = YES;
				CLANG_WARN_INT_CONVERSION = YES;
				CLANG_WARN_NON_LITERAL_NULL_CONVERSION = YES;
				CLANG_WARN_OBJC_IMPLICIT_RETAIN_SELF = YES;
				CLANG_WARN_OBJC_LITERAL_CONVERSION = YES;
				CLANG_WARN_OBJC_ROOT_CLASS = YES_ERROR;
				CLANG_WARN_RANGE_LOOP_ANALYSIS = YES;
				CLANG_WARN_STRICT_PROTOTYPES = YES;
				CLANG_WARN_SUSPICIOUS_MOVE = YES;
				CLANG_WARN_UNGUARDED_AVAILABILITY = YES_AGGRESSIVE;
				CLANG_WARN_UNREACHABLE_CODE = YES;
				CLANG_WARN__DUPLICATE_METHOD_MATCH = YES;
				CODE_SIGN_IDENTITY = "iPhone Developer";
				COPY_PHASE_STRIP = NO;
				DEBUG_INFORMATION_FORMAT = dwarf;
				ENABLE_STRICT_OBJC_MSGSEND = YES;
				ENABLE_TESTABILITY = YES;
				GCC_C_LANGUAGE_STANDARD = gnu11;
				GCC_DYNAMIC_NO_PIC = NO;
				GCC_NO_COMMON_BLOCKS = YES;
				GCC_OPTIMIZATION_LEVEL = 0;
				GCC_PREPROCESSOR_DEFINITIONS = (
					"DEBUG=1",
					"$(inherited)",
				);
				GCC_WARN_64_TO_32_BIT_CONVERSION = YES;
				GCC_WARN_ABOUT_RETURN_TYPE = YES_ERROR;
				GCC_WARN_UNDECLARED_SELECTOR = YES;
				GCC_WARN_UNINITIALIZED_AUTOS = YES_AGGRESSIVE;
				GCC_WARN_UNUSED_FUNCTION = YES;
				GCC_WARN_UNUSED_VARIABLE = YES;
				IPHONEOS_DEPLOYMENT_TARGET = 12.1;
				MTL_ENABLE_DEBUG_INFO = INCLUDE_SOURCE;
				MTL_FAST_MATH = YES;
				ONLY_ACTIVE_ARCH = YES;
				SDKROOT = iphoneos;
				SWIFT_ACTIVE_COMPILATION_CONDITIONS = DEBUG;
				SWIFT_OPTIMIZATION_LEVEL = "-Onone";
			};
			name = Debug;
		};
		45B319E121E87859006A3540 /* Release */ = {
			isa = XCBuildConfiguration;
			buildSettings = {
				ALWAYS_SEARCH_USER_PATHS = NO;
				CLANG_ANALYZER_NONNULL = YES;
				CLANG_ANALYZER_NUMBER_OBJECT_CONVERSION = YES_AGGRESSIVE;
				CLANG_CXX_LANGUAGE_STANDARD = "gnu++14";
				CLANG_CXX_LIBRARY = "libc++";
				CLANG_ENABLE_MODULES = YES;
				CLANG_ENABLE_OBJC_ARC = YES;
				CLANG_ENABLE_OBJC_WEAK = YES;
				CLANG_WARN_BLOCK_CAPTURE_AUTORELEASING = YES;
				CLANG_WARN_BOOL_CONVERSION = YES;
				CLANG_WARN_COMMA = YES;
				CLANG_WARN_CONSTANT_CONVERSION = YES;
				CLANG_WARN_DEPRECATED_OBJC_IMPLEMENTATIONS = YES;
				CLANG_WARN_DIRECT_OBJC_ISA_USAGE = YES_ERROR;
				CLANG_WARN_DOCUMENTATION_COMMENTS = YES;
				CLANG_WARN_EMPTY_BODY = YES;
				CLANG_WARN_ENUM_CONVERSION = YES;
				CLANG_WARN_INFINITE_RECURSION = YES;
				CLANG_WARN_INT_CONVERSION = YES;
				CLANG_WARN_NON_LITERAL_NULL_CONVERSION = YES;
				CLANG_WARN_OBJC_IMPLICIT_RETAIN_SELF = YES;
				CLANG_WARN_OBJC_LITERAL_CONVERSION = YES;
				CLANG_WARN_OBJC_ROOT_CLASS = YES_ERROR;
				CLANG_WARN_RANGE_LOOP_ANALYSIS = YES;
				CLANG_WARN_STRICT_PROTOTYPES = YES;
				CLANG_WARN_SUSPICIOUS_MOVE = YES;
				CLANG_WARN_UNGUARDED_AVAILABILITY = YES_AGGRESSIVE;
				CLANG_WARN_UNREACHABLE_CODE = YES;
				CLANG_WARN__DUPLICATE_METHOD_MATCH = YES;
				CODE_SIGN_IDENTITY = "iPhone Developer";
				COPY_PHASE_STRIP = NO;
				DEBUG_INFORMATION_FORMAT = "dwarf-with-dsym";
				ENABLE_NS_ASSERTIONS = NO;
				ENABLE_STRICT_OBJC_MSGSEND = YES;
				GCC_C_LANGUAGE_STANDARD = gnu11;
				GCC_NO_COMMON_BLOCKS = YES;
				GCC_WARN_64_TO_32_BIT_CONVERSION = YES;
				GCC_WARN_ABOUT_RETURN_TYPE = YES_ERROR;
				GCC_WARN_UNDECLARED_SELECTOR = YES;
				GCC_WARN_UNINITIALIZED_AUTOS = YES_AGGRESSIVE;
				GCC_WARN_UNUSED_FUNCTION = YES;
				GCC_WARN_UNUSED_VARIABLE = YES;
				IPHONEOS_DEPLOYMENT_TARGET = 12.1;
				MTL_ENABLE_DEBUG_INFO = NO;
				MTL_FAST_MATH = YES;
				SDKROOT = iphoneos;
				SWIFT_COMPILATION_MODE = wholemodule;
				SWIFT_OPTIMIZATION_LEVEL = "-O";
				VALIDATE_PRODUCT = YES;
			};
			name = Release;
		};
		45B319E321E87859006A3540 /* Debug */ = {
			isa = XCBuildConfiguration;
			buildSettings = {
				ASSETCATALOG_COMPILER_APPICON_NAME = AppIcon;
				CODE_SIGN_IDENTITY = "iPhone Developer";
				CODE_SIGN_STYLE = Automatic;
				DEVELOPMENT_TEAM = XT7XLCR974;
				INFOPLIST_FILE = tetris/Info.plist;
				LD_RUNPATH_SEARCH_PATHS = (
					"$(inherited)",
					"@executable_path/Frameworks",
				);
				PRODUCT_BUNDLE_IDENTIFIER = com.00657206.tetris;
				PRODUCT_NAME = "$(TARGET_NAME)";
				PROVISIONING_PROFILE_SPECIFIER = "";
				SWIFT_VERSION = 4.2;
				TARGETED_DEVICE_FAMILY = "1,2";
			};
			name = Debug;
		};
		45B319E421E87859006A3540 /* Release */ = {
			isa = XCBuildConfiguration;
			buildSettings = {
				ASSETCATALOG_COMPILER_APPICON_NAME = AppIcon;
				CODE_SIGN_IDENTITY = "iPhone Developer";
				CODE_SIGN_STYLE = Automatic;
				DEVELOPMENT_TEAM = XT7XLCR974;
				INFOPLIST_FILE = tetris/Info.plist;
				LD_RUNPATH_SEARCH_PATHS = (
					"$(inherited)",
					"@executable_path/Frameworks",
				);
				PRODUCT_BUNDLE_IDENTIFIER = com.00657206.tetris;
				PRODUCT_NAME = "$(TARGET_NAME)";
				PROVISIONING_PROFILE_SPECIFIER = "";
				SWIFT_VERSION = 4.2;
				TARGETED_DEVICE_FAMILY = "1,2";
			};
			name = Release;
		};
/* End XCBuildConfiguration section */

/* Begin XCConfigurationList section */
		45B319C521E87857006A3540 /* Build configuration list for PBXProject "tetris" */ = {
			isa = XCConfigurationList;
			buildConfigurations = (
				45B319E021E87859006A3540 /* Debug */,
				45B319E121E87859006A3540 /* Release */,
			);
			defaultConfigurationIsVisible = 0;
			defaultConfigurationName = Release;
		};
		45B319E221E87859006A3540 /* Build configuration list for PBXNativeTarget "tetris" */ = {
			isa = XCConfigurationList;
			buildConfigurations = (
				45B319E321E87859006A3540 /* Debug */,
				45B319E421E87859006A3540 /* Release */,
			);
			defaultConfigurationIsVisible = 0;
			defaultConfigurationName = Release;
		};
/* End XCConfigurationList section */
	};
	rootObject = 45B319C221E87857006A3540 /* Project object */;
}
